// !$*UTF8*$!
{
	archiveVersion = 1;
	classes = {
	};
	objectVersion = 50;
	objects = {

/* Begin PBXBuildFile section */
		87573BFD255BDFB100965529 /* AppDelegate.swift in Sources */ = {isa = PBXBuildFile; fileRef = 87573BFC255BDFB100965529 /* AppDelegate.swift */; };
		87573C01255BDFB100965529 /* ViewController.swift in Sources */ = {isa = PBXBuildFile; fileRef = 87573C00255BDFB100965529 /* ViewController.swift */; };
		87573C06255BDFB600965529 /* Assets.xcassets in Resources */ = {isa = PBXBuildFile; fileRef = 87573C05255BDFB600965529 /* Assets.xcassets */; };
		87573C09255BDFB600965529 /* LaunchScreen.storyboard in Resources */ = {isa = PBXBuildFile; fileRef = 87573C07255BDFB600965529 /* LaunchScreen.storyboard */; };
		87573C14255BDFB700965529 /* MapWeatherTests.swift in Sources */ = {isa = PBXBuildFile; fileRef = 87573C13255BDFB700965529 /* MapWeatherTests.swift */; };
		87573C20255BE05700965529 /* APIService.swift in Sources */ = {isa = PBXBuildFile; fileRef = 87573C1F255BE05700965529 /* APIService.swift */; };
		87573C25255BF96F00965529 /* CurrentWeather.swift in Sources */ = {isa = PBXBuildFile; fileRef = 87573C24255BF96F00965529 /* CurrentWeather.swift */; };
		87573C27255C11CC00965529 /* APIError.swift in Sources */ = {isa = PBXBuildFile; fileRef = 87573C26255C11CC00965529 /* APIError.swift */; };
		875D90B5255D46C2000C41DB /* CurrentWeatherViewModel.swift in Sources */ = {isa = PBXBuildFile; fileRef = 875D90B4255D46C2000C41DB /* CurrentWeatherViewModel.swift */; };
		875D90B7255D60D2000C41DB /* WeatherForecast.swift in Sources */ = {isa = PBXBuildFile; fileRef = 875D90B6255D60D2000C41DB /* WeatherForecast.swift */; };
/* End PBXBuildFile section */

/* Begin PBXContainerItemProxy section */
		87573C10255BDFB700965529 /* PBXContainerItemProxy */ = {
			isa = PBXContainerItemProxy;
			containerPortal = 87573BF1255BDFB100965529 /* Project object */;
			proxyType = 1;
			remoteGlobalIDString = 87573BF8255BDFB100965529;
			remoteInfo = MapWeather;
		};
/* End PBXContainerItemProxy section */

/* Begin PBXFileReference section */
		87573BF9255BDFB100965529 /* MapWeather.app */ = {isa = PBXFileReference; explicitFileType = wrapper.application; includeInIndex = 0; path = MapWeather.app; sourceTree = BUILT_PRODUCTS_DIR; };
		87573BFC255BDFB100965529 /* AppDelegate.swift */ = {isa = PBXFileReference; lastKnownFileType = sourcecode.swift; path = AppDelegate.swift; sourceTree = "<group>"; };
		87573C00255BDFB100965529 /* ViewController.swift */ = {isa = PBXFileReference; lastKnownFileType = sourcecode.swift; path = ViewController.swift; sourceTree = "<group>"; };
		87573C05255BDFB600965529 /* Assets.xcassets */ = {isa = PBXFileReference; lastKnownFileType = folder.assetcatalog; path = Assets.xcassets; sourceTree = "<group>"; };
		87573C08255BDFB600965529 /* Base */ = {isa = PBXFileReference; lastKnownFileType = file.storyboard; name = Base; path = Base.lproj/LaunchScreen.storyboard; sourceTree = "<group>"; };
		87573C0A255BDFB600965529 /* Info.plist */ = {isa = PBXFileReference; lastKnownFileType = text.plist.xml; path = Info.plist; sourceTree = "<group>"; };
		87573C0F255BDFB700965529 /* MapWeatherTests.xctest */ = {isa = PBXFileReference; explicitFileType = wrapper.cfbundle; includeInIndex = 0; path = MapWeatherTests.xctest; sourceTree = BUILT_PRODUCTS_DIR; };
		87573C13255BDFB700965529 /* MapWeatherTests.swift */ = {isa = PBXFileReference; lastKnownFileType = sourcecode.swift; path = MapWeatherTests.swift; sourceTree = "<group>"; };
		87573C15255BDFB700965529 /* Info.plist */ = {isa = PBXFileReference; lastKnownFileType = text.plist.xml; path = Info.plist; sourceTree = "<group>"; };
		87573C1F255BE05700965529 /* APIService.swift */ = {isa = PBXFileReference; lastKnownFileType = sourcecode.swift; path = APIService.swift; sourceTree = "<group>"; };
		87573C24255BF96F00965529 /* CurrentWeather.swift */ = {isa = PBXFileReference; lastKnownFileType = sourcecode.swift; path = CurrentWeather.swift; sourceTree = "<group>"; };
		87573C26255C11CC00965529 /* APIError.swift */ = {isa = PBXFileReference; lastKnownFileType = sourcecode.swift; path = APIError.swift; sourceTree = "<group>"; };
		875D90B4255D46C2000C41DB /* CurrentWeatherViewModel.swift */ = {isa = PBXFileReference; lastKnownFileType = sourcecode.swift; path = CurrentWeatherViewModel.swift; sourceTree = "<group>"; };
		875D90B6255D60D2000C41DB /* WeatherForecast.swift */ = {isa = PBXFileReference; lastKnownFileType = sourcecode.swift; path = WeatherForecast.swift; sourceTree = "<group>"; };
/* End PBXFileReference section */

/* Begin PBXFrameworksBuildPhase section */
		87573BF6255BDFB100965529 /* Frameworks */ = {
			isa = PBXFrameworksBuildPhase;
			buildActionMask = 2147483647;
			files = (
			);
			runOnlyForDeploymentPostprocessing = 0;
		};
		87573C0C255BDFB700965529 /* Frameworks */ = {
			isa = PBXFrameworksBuildPhase;
			buildActionMask = 2147483647;
			files = (
			);
			runOnlyForDeploymentPostprocessing = 0;
		};
/* End PBXFrameworksBuildPhase section */

/* Begin PBXGroup section */
		87573BF0255BDFB100965529 = {
			isa = PBXGroup;
			children = (
				87573BFB255BDFB100965529 /* MapWeather */,
				87573C12255BDFB700965529 /* MapWeatherTests */,
				87573BFA255BDFB100965529 /* Products */,
			);
			sourceTree = "<group>";
		};
		87573BFA255BDFB100965529 /* Products */ = {
			isa = PBXGroup;
			children = (
				87573BF9255BDFB100965529 /* MapWeather.app */,
				87573C0F255BDFB700965529 /* MapWeatherTests.xctest */,
			);
			name = Products;
			sourceTree = "<group>";
		};
		87573BFB255BDFB100965529 /* MapWeather */ = {
			isa = PBXGroup;
			children = (
				87573C22255BE06C00965529 /* Models */,
				87573C21255BE06100965529 /* ViewModels */,
				87573C1E255BE03800965529 /* API Service */,
				87573C23255BE07400965529 /* Controllers */,
				87573BFC255BDFB100965529 /* AppDelegate.swift */,
				87573C05255BDFB600965529 /* Assets.xcassets */,
				87573C07255BDFB600965529 /* LaunchScreen.storyboard */,
				87573C0A255BDFB600965529 /* Info.plist */,
			);
			path = MapWeather;
			sourceTree = "<group>";
		};
		87573C12255BDFB700965529 /* MapWeatherTests */ = {
			isa = PBXGroup;
			children = (
				87573C13255BDFB700965529 /* MapWeatherTests.swift */,
				87573C15255BDFB700965529 /* Info.plist */,
			);
			path = MapWeatherTests;
			sourceTree = "<group>";
		};
		87573C1E255BE03800965529 /* API Service */ = {
			isa = PBXGroup;
			children = (
				87573C1F255BE05700965529 /* APIService.swift */,
				87573C26255C11CC00965529 /* APIError.swift */,
			);
			path = "API Service";
			sourceTree = "<group>";
		};
		87573C21255BE06100965529 /* ViewModels */ = {
			isa = PBXGroup;
			children = (
				875D90B4255D46C2000C41DB /* CurrentWeatherViewModel.swift */,
			);
			path = ViewModels;
			sourceTree = "<group>";
		};
		87573C22255BE06C00965529 /* Models */ = {
			isa = PBXGroup;
			children = (
				87573C24255BF96F00965529 /* CurrentWeather.swift */,
				875D90B6255D60D2000C41DB /* WeatherForecast.swift */,
			);
			path = Models;
			sourceTree = "<group>";
		};
		87573C23255BE07400965529 /* Controllers */ = {
			isa = PBXGroup;
			children = (
				87573C00255BDFB100965529 /* ViewController.swift */,
			);
			path = Controllers;
			sourceTree = "<group>";
		};
/* End PBXGroup section */

/* Begin PBXNativeTarget section */
		87573BF8255BDFB100965529 /* MapWeather */ = {
			isa = PBXNativeTarget;
			buildConfigurationList = 87573C18255BDFB700965529 /* Build configuration list for PBXNativeTarget "MapWeather" */;
			buildPhases = (
				87573BF5255BDFB100965529 /* Sources */,
				87573BF6255BDFB100965529 /* Frameworks */,
				87573BF7255BDFB100965529 /* Resources */,
			);
			buildRules = (
			);
			dependencies = (
			);
			name = MapWeather;
			productName = MapWeather;
			productReference = 87573BF9255BDFB100965529 /* MapWeather.app */;
			productType = "com.apple.product-type.application";
		};
		87573C0E255BDFB700965529 /* MapWeatherTests */ = {
			isa = PBXNativeTarget;
			buildConfigurationList = 87573C1B255BDFB700965529 /* Build configuration list for PBXNativeTarget "MapWeatherTests" */;
			buildPhases = (
				87573C0B255BDFB700965529 /* Sources */,
				87573C0C255BDFB700965529 /* Frameworks */,
				87573C0D255BDFB700965529 /* Resources */,
			);
			buildRules = (
			);
			dependencies = (
				87573C11255BDFB700965529 /* PBXTargetDependency */,
			);
			name = MapWeatherTests;
			productName = MapWeatherTests;
			productReference = 87573C0F255BDFB700965529 /* MapWeatherTests.xctest */;
			productType = "com.apple.product-type.bundle.unit-test";
		};
/* End PBXNativeTarget section */

/* Begin PBXProject section */
		87573BF1255BDFB100965529 /* Project object */ = {
			isa = PBXProject;
			attributes = {
				LastSwiftUpdateCheck = 1170;
				LastUpgradeCheck = 1170;
				ORGANIZATIONNAME = Grace;
				TargetAttributes = {
					87573BF8255BDFB100965529 = {
						CreatedOnToolsVersion = 11.7;
					};
					87573C0E255BDFB700965529 = {
						CreatedOnToolsVersion = 11.7;
						TestTargetID = 87573BF8255BDFB100965529;
					};
				};
			};
			buildConfigurationList = 87573BF4255BDFB100965529 /* Build configuration list for PBXProject "MapWeather" */;
			compatibilityVersion = "Xcode 9.3";
			developmentRegion = en;
			hasScannedForEncodings = 0;
			knownRegions = (
				en,
				Base,
			);
			mainGroup = 87573BF0255BDFB100965529;
			productRefGroup = 87573BFA255BDFB100965529 /* Products */;
			projectDirPath = "";
			projectRoot = "";
			targets = (
				87573BF8255BDFB100965529 /* MapWeather */,
				87573C0E255BDFB700965529 /* MapWeatherTests */,
			);
		};
/* End PBXProject section */

/* Begin PBXResourcesBuildPhase section */
		87573BF7255BDFB100965529 /* Resources */ = {
			isa = PBXResourcesBuildPhase;
			buildActionMask = 2147483647;
			files = (
				87573C09255BDFB600965529 /* LaunchScreen.storyboard in Resources */,
				87573C06255BDFB600965529 /* Assets.xcassets in Resources */,
			);
			runOnlyForDeploymentPostprocessing = 0;
		};
		87573C0D255BDFB700965529 /* Resources */ = {
			isa = PBXResourcesBuildPhase;
			buildActionMask = 2147483647;
			files = (
			);
			runOnlyForDeploymentPostprocessing = 0;
		};
/* End PBXResourcesBuildPhase section */

/* Begin PBXSourcesBuildPhase section */
		87573BF5255BDFB100965529 /* Sources */ = {
			isa = PBXSourcesBuildPhase;
			buildActionMask = 2147483647;
			files = (
				87573C01255BDFB100965529 /* ViewController.swift in Sources */,
				875D90B7255D60D2000C41DB /* WeatherForecast.swift in Sources */,
				87573C20255BE05700965529 /* APIService.swift in Sources */,
				87573C25255BF96F00965529 /* CurrentWeather.swift in Sources */,
				87573C27255C11CC00965529 /* APIError.swift in Sources */,
				87573BFD255BDFB100965529 /* AppDelegate.swift in Sources */,
				875D90B5255D46C2000C41DB /* CurrentWeatherViewModel.swift in Sources */,
			);
			runOnlyForDeploymentPostprocessing = 0;
		};
		87573C0B255BDFB700965529 /* Sources */ = {
			isa = PBXSourcesBuildPhase;
			buildActionMask = 2147483647;
			files = (
				87573C14255BDFB700965529 /* MapWeatherTests.swift in Sources */,
			);
			runOnlyForDeploymentPostprocessing = 0;
		};
/* End PBXSourcesBuildPhase section */

/* Begin PBXTargetDependency section */
		87573C11255BDFB700965529 /* PBXTargetDependency */ = {
			isa = PBXTargetDependency;
			target = 87573BF8255BDFB100965529 /* MapWeather */;
			targetProxy = 87573C10255BDFB700965529 /* PBXContainerItemProxy */;
		};
/* End PBXTargetDependency section */

/* Begin PBXVariantGroup section */
		87573C07255BDFB600965529 /* LaunchScreen.storyboard */ = {
			isa = PBXVariantGroup;
			children = (
				87573C08255BDFB600965529 /* Base */,
			);
			name = LaunchScreen.storyboard;
			sourceTree = "<group>";
		};
/* End PBXVariantGroup section */

/* Begin XCBuildConfiguration section */
		87573C16255BDFB700965529 /* Debug */ = {
			isa = XCBuildConfiguration;
			buildSettings = {
				ALWAYS_SEARCH_USER_PATHS = NO;
				CLANG_ANALYZER_NONNULL = YES;
				CLANG_ANALYZER_NUMBER_OBJECT_CONVERSION = YES_AGGRESSIVE;
				CLANG_CXX_LANGUAGE_STANDARD = "gnu++14";
				CLANG_CXX_LIBRARY = "libc++";
				CLANG_ENABLE_MODULES = YES;
				CLANG_ENABLE_OBJC_ARC = YES;
				CLANG_ENABLE_OBJC_WEAK = YES;
				CLANG_WARN_BLOCK_CAPTURE_AUTORELEASING = YES;
				CLANG_WARN_BOOL_CONVERSION = YES;
				CLANG_WARN_COMMA = YES;
				CLANG_WARN_CONSTANT_CONVERSION = YES;
				CLANG_WARN_DEPRECATED_OBJC_IMPLEMENTATIONS = YES;
				CLANG_WARN_DIRECT_OBJC_ISA_USAGE = YES_ERROR;
				CLANG_WARN_DOCUMENTATION_COMMENTS = YES;
				CLANG_WARN_EMPTY_BODY = YES;
				CLANG_WARN_ENUM_CONVERSION = YES;
				CLANG_WARN_INFINITE_RECURSION = YES;
				CLANG_WARN_INT_CONVERSION = YES;
				CLANG_WARN_NON_LITERAL_NULL_CONVERSION = YES;
				CLANG_WARN_OBJC_IMPLICIT_RETAIN_SELF = YES;
				CLANG_WARN_OBJC_LITERAL_CONVERSION = YES;
				CLANG_WARN_OBJC_ROOT_CLASS = YES_ERROR;
				CLANG_WARN_RANGE_LOOP_ANALYSIS = YES;
				CLANG_WARN_STRICT_PROTOTYPES = YES;
				CLANG_WARN_SUSPICIOUS_MOVE = YES;
				CLANG_WARN_UNGUARDED_AVAILABILITY = YES_AGGRESSIVE;
				CLANG_WARN_UNREACHABLE_CODE = YES;
				CLANG_WARN__DUPLICATE_METHOD_MATCH = YES;
				COPY_PHASE_STRIP = NO;
				DEBUG_INFORMATION_FORMAT = dwarf;
				ENABLE_STRICT_OBJC_MSGSEND = YES;
				ENABLE_TESTABILITY = YES;
				GCC_C_LANGUAGE_STANDARD = gnu11;
				GCC_DYNAMIC_NO_PIC = NO;
				GCC_NO_COMMON_BLOCKS = YES;
				GCC_OPTIMIZATION_LEVEL = 0;
				GCC_PREPROCESSOR_DEFINITIONS = (
					"DEBUG=1",
					"$(inherited)",
				);
				GCC_WARN_64_TO_32_BIT_CONVERSION = YES;
				GCC_WARN_ABOUT_RETURN_TYPE = YES_ERROR;
				GCC_WARN_UNDECLARED_SELECTOR = YES;
				GCC_WARN_UNINITIALIZED_AUTOS = YES_AGGRESSIVE;
				GCC_WARN_UNUSED_FUNCTION = YES;
				GCC_WARN_UNUSED_VARIABLE = YES;
				IPHONEOS_DEPLOYMENT_TARGET = 13.7;
				MTL_ENABLE_DEBUG_INFO = INCLUDE_SOURCE;
				MTL_FAST_MATH = YES;
				ONLY_ACTIVE_ARCH = YES;
				SDKROOT = iphoneos;
				SWIFT_ACTIVE_COMPILATION_CONDITIONS = DEBUG;
				SWIFT_OPTIMIZATION_LEVEL = "-Onone";
			};
			name = Debug;
		};
		87573C17255BDFB700965529 /* Release */ = {
			isa = XCBuildConfiguration;
			buildSettings = {
				ALWAYS_SEARCH_USER_PATHS = NO;
				CLANG_ANALYZER_NONNULL = YES;
				CLANG_ANALYZER_NUMBER_OBJECT_CONVERSION = YES_AGGRESSIVE;
				CLANG_CXX_LANGUAGE_STANDARD = "gnu++14";
				CLANG_CXX_LIBRARY = "libc++";
				CLANG_ENABLE_MODULES = YES;
				CLANG_ENABLE_OBJC_ARC = YES;
				CLANG_ENABLE_OBJC_WEAK = YES;
				CLANG_WARN_BLOCK_CAPTURE_AUTORELEASING = YES;
				CLANG_WARN_BOOL_CONVERSION = YES;
				CLANG_WARN_COMMA = YES;
				CLANG_WARN_CONSTANT_CONVERSION = YES;
				CLANG_WARN_DEPRECATED_OBJC_IMPLEMENTATIONS = YES;
				CLANG_WARN_DIRECT_OBJC_ISA_USAGE = YES_ERROR;
				CLANG_WARN_DOCUMENTATION_COMMENTS = YES;
				CLANG_WARN_EMPTY_BODY = YES;
				CLANG_WARN_ENUM_CONVERSION = YES;
				CLANG_WARN_INFINITE_RECURSION = YES;
				CLANG_WARN_INT_CONVERSION = YES;
				CLANG_WARN_NON_LITERAL_NULL_CONVERSION = YES;
				CLANG_WARN_OBJC_IMPLICIT_RETAIN_SELF = YES;
				CLANG_WARN_OBJC_LITERAL_CONVERSION = YES;
				CLANG_WARN_OBJC_ROOT_CLASS = YES_ERROR;
				CLANG_WARN_RANGE_LOOP_ANALYSIS = YES;
				CLANG_WARN_STRICT_PROTOTYPES = YES;
				CLANG_WARN_SUSPICIOUS_MOVE = YES;
				CLANG_WARN_UNGUARDED_AVAILABILITY = YES_AGGRESSIVE;
				CLANG_WARN_UNREACHABLE_CODE = YES;
				CLANG_WARN__DUPLICATE_METHOD_MATCH = YES;
				COPY_PHASE_STRIP = NO;
				DEBUG_INFORMATION_FORMAT = "dwarf-with-dsym";
				ENABLE_NS_ASSERTIONS = NO;
				ENABLE_STRICT_OBJC_MSGSEND = YES;
				GCC_C_LANGUAGE_STANDARD = gnu11;
				GCC_NO_COMMON_BLOCKS = YES;
				GCC_WARN_64_TO_32_BIT_CONVERSION = YES;
				GCC_WARN_ABOUT_RETURN_TYPE = YES_ERROR;
				GCC_WARN_UNDECLARED_SELECTOR = YES;
				GCC_WARN_UNINITIALIZED_AUTOS = YES_AGGRESSIVE;
				GCC_WARN_UNUSED_FUNCTION = YES;
				GCC_WARN_UNUSED_VARIABLE = YES;
				IPHONEOS_DEPLOYMENT_TARGET = 13.7;
				MTL_ENABLE_DEBUG_INFO = NO;
				MTL_FAST_MATH = YES;
				SDKROOT = iphoneos;
				SWIFT_COMPILATION_MODE = wholemodule;
				SWIFT_OPTIMIZATION_LEVEL = "-O";
				VALIDATE_PRODUCT = YES;
			};
			name = Release;
		};
		87573C19255BDFB700965529 /* Debug */ = {
			isa = XCBuildConfiguration;
			buildSettings = {
				ASSETCATALOG_COMPILER_APPICON_NAME = AppIcon;
				CODE_SIGN_STYLE = Automatic;
				DEVELOPMENT_TEAM = H65ZHJ69J6;
				INFOPLIST_FILE = MapWeather/Info.plist;
				IPHONEOS_DEPLOYMENT_TARGET = 9.0;
				LD_RUNPATH_SEARCH_PATHS = (
					"$(inherited)",
					"@executable_path/Frameworks",
				);
				PRODUCT_BUNDLE_IDENTIFIER = com.njoroge.MapWeather;
				PRODUCT_NAME = "$(TARGET_NAME)";
				SWIFT_VERSION = 5.0;
				TARGETED_DEVICE_FAMILY = "1,2";
			};
			name = Debug;
		};
		87573C1A255BDFB700965529 /* Release */ = {
			isa = XCBuildConfiguration;
			buildSettings = {
				ASSETCATALOG_COMPILER_APPICON_NAME = AppIcon;
				CODE_SIGN_STYLE = Automatic;
				DEVELOPMENT_TEAM = H65ZHJ69J6;
				INFOPLIST_FILE = MapWeather/Info.plist;
				IPHONEOS_DEPLOYMENT_TARGET = 9.0;
				LD_RUNPATH_SEARCH_PATHS = (
					"$(inherited)",
					"@executable_path/Frameworks",
				);
				PRODUCT_BUNDLE_IDENTIFIER = com.njoroge.MapWeather;
				PRODUCT_NAME = "$(TARGET_NAME)";
				SWIFT_VERSION = 5.0;
				TARGETED_DEVICE_FAMILY = "1,2";
			};
			name = Release;
		};
		87573C1C255BDFB700965529 /* Debug */ = {
			isa = XCBuildConfiguration;
			buildSettings = {
				ALWAYS_EMBED_SWIFT_STANDARD_LIBRARIES = YES;
				BUNDLE_LOADER = "$(TEST_HOST)";
				CODE_SIGN_STYLE = Automatic;
				INFOPLIST_FILE = MapWeatherTests/Info.plist;
				IPHONEOS_DEPLOYMENT_TARGET = 13.7;
				LD_RUNPATH_SEARCH_PATHS = (
					"$(inherited)",
					"@executable_path/Frameworks",
					"@loader_path/Frameworks",
				);
				PRODUCT_BUNDLE_IDENTIFIER = com.njoroge.MapWeatherTests;
				PRODUCT_NAME = "$(TARGET_NAME)";
				SWIFT_VERSION = 5.0;
				TARGETED_DEVICE_FAMILY = "1,2";
				TEST_HOST = "$(BUILT_PRODUCTS_DIR)/MapWeather.app/MapWeather";
			};
			name = Debug;
		};
		87573C1D255BDFB700965529 /* Release */ = {
			isa = XCBuildConfiguration;
			buildSettings = {
				ALWAYS_EMBED_SWIFT_STANDARD_LIBRARIES = YES;
				BUNDLE_LOADER = "$(TEST_HOST)";
				CODE_SIGN_STYLE = Automatic;
				INFOPLIST_FILE = MapWeatherTests/Info.plist;
				IPHONEOS_DEPLOYMENT_TARGET = 13.7;
				LD_RUNPATH_SEARCH_PATHS = (
					"$(inherited)",
					"@executable_path/Frameworks",
					"@loader_path/Frameworks",
				);
				PRODUCT_BUNDLE_IDENTIFIER = com.njoroge.MapWeatherTests;
				PRODUCT_NAME = "$(TARGET_NAME)";
				SWIFT_VERSION = 5.0;
				TARGETED_DEVICE_FAMILY = "1,2";
				TEST_HOST = "$(BUILT_PRODUCTS_DIR)/MapWeather.app/MapWeather";
			};
			name = Release;
		};
/* End XCBuildConfiguration section */

/* Begin XCConfigurationList section */
		87573BF4255BDFB100965529 /* Build configuration list for PBXProject "MapWeather" */ = {
			isa = XCConfigurationList;
			buildConfigurations = (
				87573C16255BDFB700965529 /* Debug */,
				87573C17255BDFB700965529 /* Release */,
			);
			defaultConfigurationIsVisible = 0;
			defaultConfigurationName = Release;
		};
		87573C18255BDFB700965529 /* Build configuration list for PBXNativeTarget "MapWeather" */ = {
			isa = XCConfigurationList;
			buildConfigurations = (
				87573C19255BDFB700965529 /* Debug */,
				87573C1A255BDFB700965529 /* Release */,
			);
			defaultConfigurationIsVisible = 0;
			defaultConfigurationName = Release;
		};
		87573C1B255BDFB700965529 /* Build configuration list for PBXNativeTarget "MapWeatherTests" */ = {
			isa = XCConfigurationList;
			buildConfigurations = (
				87573C1C255BDFB700965529 /* Debug */,
				87573C1D255BDFB700965529 /* Release */,
			);
			defaultConfigurationIsVisible = 0;
			defaultConfigurationName = Release;
		};
/* End XCConfigurationList section */
	};
	rootObject = 87573BF1255BDFB100965529 /* Project object */;
}
